
Microsoft Visual Studio Solution File, Format Version 12.00
# Visual Studio Version 17
VisualStudioVersion = 17.1.32414.318
MinimumVisualStudioVersion = 10.0.40219.1
Project("{9A19103F-16F7-4668-BE54-9A1E7A4F7556}") = "NetworkDashboard", "NetworkDashboard\NetworkDashboard.csproj", "{BB5E4DC9-1221-4572-8707-6FDDB839109E}"
EndProject
Global
	GlobalSection(SolutionConfigurationPlatforms) = preSolution
		Debug|Any CPU = Debug|Any CPU
		Release|Any CPU = Release|Any CPU
	EndGlobalSection
	GlobalSection(ProjectConfigurationPlatforms) = postSolution
		{BB5E4DC9-1221-4572-8707-6FDDB839109E}.Debug|Any CPU.ActiveCfg = Debug|Any CPU
		{BB5E4DC9-1221-4572-8707-6FDDB839109E}.Debug|Any CPU.Build.0 = Debug|Any CPU
		{BB5E4DC9-1221-4572-8707-6FDDB839109E}.Release|Any CPU.ActiveCfg = Release|Any CPU
		{BB5E4DC9-1221-4572-8707-6FDDB839109E}.Release|Any CPU.Build.0 = Release|Any CPU
	EndGlobalSection
	GlobalSection(SolutionProperties) = preSolution
		HideSolutionNode = FALSE
	EndGlobalSection
	GlobalSection(ExtensibilityGlobals) = postSolution
		SolutionGuid = {A6A90929-71B3-4C6F-8E74-37CBDFA8C575}
	EndGlobalSection
EndGlobal
